{
  "pins" : [
    {
      "identity" : "datalayer",
      "kind" : "remoteSourceControl",
      "location" : "https://github.com/wbbernardes/datalayer.git",
      "state" : {
        "branch" : "main",
        "revision" : "404c6edcf5643efc4f9f613543854e6fb06b822b"
      }
    }
  ],
  "version" : 2
}
